
Microsoft Visual Studio Solution File, Format Version 12.00
# Visual Studio Version 17
VisualStudioVersion = 17.1.32421.90
MinimumVisualStudioVersion = 10.0.40219.1
Project("{FAE04EC0-301F-11D3-BF4B-00C04F79EFBC}") = "EthereumForward", "EthereumForward.csproj", "{3C812671-0950-4A6C-A580-BE8CAA008921}"
EndProject
Global
	GlobalSection(SolutionConfigurationPlatforms) = preSolution
		Debug|Any CPU = Debug|Any CPU
		Release|Any CPU = Release|Any CPU
	EndGlobalSection
	GlobalSection(ProjectConfigurationPlatforms) = postSolution
		{3C812671-0950-4A6C-A580-BE8CAA008921}.Debug|Any CPU.ActiveCfg = Debug|Any CPU
		{3C812671-0950-4A6C-A580-BE8CAA008921}.Debug|Any CPU.Build.0 = Debug|Any CPU
		{3C812671-0950-4A6C-A580-BE8CAA008921}.Release|Any CPU.ActiveCfg = Release|Any CPU
		{3C812671-0950-4A6C-A580-BE8CAA008921}.Release|Any CPU.Build.0 = Release|Any CPU
	EndGlobalSection
	GlobalSection(SolutionProperties) = preSolution
		HideSolutionNode = FALSE
	EndGlobalSection
	GlobalSection(ExtensibilityGlobals) = postSolution
		SolutionGuid = {7C1E578B-D1AC-4F25-A6AF-E8DF9F6461F4}
	EndGlobalSection
EndGlobal
